// !$*UTF8*$!
{
	archiveVersion = 1;
	classes = {
	};
	objectVersion = 50;
	objects = {

/* Begin PBXBuildFile section */
		81C2EAC77DC992C7C3C338A9 /* Pods_AutoLayoutScrollView.framework in Frameworks */ = {isa = PBXBuildFile; fileRef = 9427C675378682A1E26C4260 /* Pods_AutoLayoutScrollView.framework */; };
		DF2DA0E322435B44006F9BAC /* AppDelegate.swift in Sources */ = {isa = PBXBuildFile; fileRef = DF2DA0E222435B44006F9BAC /* AppDelegate.swift */; };
		DF2DA0E522435B44006F9BAC /* ViewController.swift in Sources */ = {isa = PBXBuildFile; fileRef = DF2DA0E422435B44006F9BAC /* ViewController.swift */; };
		DF2DA0E822435B44006F9BAC /* Main.storyboard in Resources */ = {isa = PBXBuildFile; fileRef = DF2DA0E622435B44006F9BAC /* Main.storyboard */; };
		DF2DA0EA22435B4C006F9BAC /* Assets.xcassets in Resources */ = {isa = PBXBuildFile; fileRef = DF2DA0E922435B4C006F9BAC /* Assets.xcassets */; };
		DF2DA0ED22435B4C006F9BAC /* LaunchScreen.storyboard in Resources */ = {isa = PBXBuildFile; fileRef = DF2DA0EB22435B4C006F9BAC /* LaunchScreen.storyboard */; };
/* End PBXBuildFile section */

/* Begin PBXFileReference section */
		4B554F43FE7B93C76AB686A6 /* Pods-AutoLayoutScrollView.release.xcconfig */ = {isa = PBXFileReference; includeInIndex = 1; lastKnownFileType = text.xcconfig; name = "Pods-AutoLayoutScrollView.release.xcconfig"; path = "Pods/Target Support Files/Pods-AutoLayoutScrollView/Pods-AutoLayoutScrollView.release.xcconfig"; sourceTree = "<group>"; };
		9427C675378682A1E26C4260 /* Pods_AutoLayoutScrollView.framework */ = {isa = PBXFileReference; explicitFileType = wrapper.framework; includeInIndex = 0; path = Pods_AutoLayoutScrollView.framework; sourceTree = BUILT_PRODUCTS_DIR; };
		DF2DA0DF22435B44006F9BAC /* AutoLayoutScrollView.app */ = {isa = PBXFileReference; explicitFileType = wrapper.application; includeInIndex = 0; path = AutoLayoutScrollView.app; sourceTree = BUILT_PRODUCTS_DIR; };
		DF2DA0E222435B44006F9BAC /* AppDelegate.swift */ = {isa = PBXFileReference; lastKnownFileType = sourcecode.swift; path = AppDelegate.swift; sourceTree = "<group>"; };
		DF2DA0E422435B44006F9BAC /* ViewController.swift */ = {isa = PBXFileReference; lastKnownFileType = sourcecode.swift; path = ViewController.swift; sourceTree = "<group>"; };
		DF2DA0E722435B44006F9BAC /* Base */ = {isa = PBXFileReference; lastKnownFileType = file.storyboard; name = Base; path = Base.lproj/Main.storyboard; sourceTree = "<group>"; };
		DF2DA0E922435B4C006F9BAC /* Assets.xcassets */ = {isa = PBXFileReference; lastKnownFileType = folder.assetcatalog; path = Assets.xcassets; sourceTree = "<group>"; };
		DF2DA0EC22435B4C006F9BAC /* Base */ = {isa = PBXFileReference; lastKnownFileType = file.storyboard; name = Base; path = Base.lproj/LaunchScreen.storyboard; sourceTree = "<group>"; };
		DF2DA0EE22435B4C006F9BAC /* Info.plist */ = {isa = PBXFileReference; lastKnownFileType = text.plist.xml; path = Info.plist; sourceTree = "<group>"; };
		E999F0B028F6352AC2A69009 /* Pods-AutoLayoutScrollView.debug.xcconfig */ = {isa = PBXFileReference; includeInIndex = 1; lastKnownFileType = text.xcconfig; name = "Pods-AutoLayoutScrollView.debug.xcconfig"; path = "Pods/Target Support Files/Pods-AutoLayoutScrollView/Pods-AutoLayoutScrollView.debug.xcconfig"; sourceTree = "<group>"; };
/* End PBXFileReference section */

/* Begin PBXFrameworksBuildPhase section */
		DF2DA0DC22435B44006F9BAC /* Frameworks */ = {
			isa = PBXFrameworksBuildPhase;
			buildActionMask = 2147483647;
			files = (
				81C2EAC77DC992C7C3C338A9 /* Pods_AutoLayoutScrollView.framework in Frameworks */,
			);
			runOnlyForDeploymentPostprocessing = 0;
		};
/* End PBXFrameworksBuildPhase section */

/* Begin PBXGroup section */
		38E14EFB8E0E31FB3E08D4BF /* Pods */ = {
			isa = PBXGroup;
			children = (
				E999F0B028F6352AC2A69009 /* Pods-AutoLayoutScrollView.debug.xcconfig */,
				4B554F43FE7B93C76AB686A6 /* Pods-AutoLayoutScrollView.release.xcconfig */,
			);
			name = Pods;
			sourceTree = "<group>";
		};
		B8D18D5BEDB88476C0B9495F /* Frameworks */ = {
			isa = PBXGroup;
			children = (
				9427C675378682A1E26C4260 /* Pods_AutoLayoutScrollView.framework */,
			);
			name = Frameworks;
			sourceTree = "<group>";
		};
		DF2DA0D622435B44006F9BAC = {
			isa = PBXGroup;
			children = (
				DF2DA0E122435B44006F9BAC /* AutoLayoutScrollView */,
				DF2DA0E022435B44006F9BAC /* Products */,
				38E14EFB8E0E31FB3E08D4BF /* Pods */,
				B8D18D5BEDB88476C0B9495F /* Frameworks */,
			);
			sourceTree = "<group>";
		};
		DF2DA0E022435B44006F9BAC /* Products */ = {
			isa = PBXGroup;
			children = (
				DF2DA0DF22435B44006F9BAC /* AutoLayoutScrollView.app */,
			);
			name = Products;
			sourceTree = "<group>";
		};
		DF2DA0E122435B44006F9BAC /* AutoLayoutScrollView */ = {
			isa = PBXGroup;
			children = (
				DF2DA0E222435B44006F9BAC /* AppDelegate.swift */,
				DF2DA0E422435B44006F9BAC /* ViewController.swift */,
				DF2DA0E622435B44006F9BAC /* Main.storyboard */,
				DF2DA0E922435B4C006F9BAC /* Assets.xcassets */,
				DF2DA0EB22435B4C006F9BAC /* LaunchScreen.storyboard */,
				DF2DA0EE22435B4C006F9BAC /* Info.plist */,
			);
			path = AutoLayoutScrollView;
			sourceTree = "<group>";
		};
/* End PBXGroup section */

/* Begin PBXNativeTarget section */
		DF2DA0DE22435B44006F9BAC /* AutoLayoutScrollView */ = {
			isa = PBXNativeTarget;
			buildConfigurationList = DF2DA0F122435B4C006F9BAC /* Build configuration list for PBXNativeTarget "AutoLayoutScrollView" */;
			buildPhases = (
				B1EB701BB2BF49CB6836764A /* [CP] Check Pods Manifest.lock */,
				DF2DA0DB22435B44006F9BAC /* Sources */,
				DF2DA0DC22435B44006F9BAC /* Frameworks */,
				DF2DA0DD22435B44006F9BAC /* Resources */,
				D120DB82171BE05B8C47A0DC /* [CP] Embed Pods Frameworks */,
			);
			buildRules = (
			);
			dependencies = (
			);
			name = AutoLayoutScrollView;
			productName = AutoLayoutScrollView;
			productReference = DF2DA0DF22435B44006F9BAC /* AutoLayoutScrollView.app */;
			productType = "com.apple.product-type.application";
		};
/* End PBXNativeTarget section */

/* Begin PBXProject section */
		DF2DA0D722435B44006F9BAC /* Project object */ = {
			isa = PBXProject;
			attributes = {
				LastSwiftUpdateCheck = 1010;
				LastUpgradeCheck = 1010;
				ORGANIZATIONNAME = john.lin;
				TargetAttributes = {
					DF2DA0DE22435B44006F9BAC = {
						CreatedOnToolsVersion = 10.1;
					};
				};
			};
			buildConfigurationList = DF2DA0DA22435B44006F9BAC /* Build configuration list for PBXProject "AutoLayoutScrollView" */;
			compatibilityVersion = "Xcode 9.3";
			developmentRegion = en;
			hasScannedForEncodings = 0;
			knownRegions = (
				en,
				Base,
			);
			mainGroup = DF2DA0D622435B44006F9BAC;
			productRefGroup = DF2DA0E022435B44006F9BAC /* Products */;
			projectDirPath = "";
			projectRoot = "";
			targets = (
				DF2DA0DE22435B44006F9BAC /* AutoLayoutScrollView */,
			);
		};
/* End PBXProject section */

/* Begin PBXResourcesBuildPhase section */
		DF2DA0DD22435B44006F9BAC /* Resources */ = {
			isa = PBXResourcesBuildPhase;
			buildActionMask = 2147483647;
			files = (
				DF2DA0ED22435B4C006F9BAC /* LaunchScreen.storyboard in Resources */,
				DF2DA0EA22435B4C006F9BAC /* Assets.xcassets in Resources */,
				DF2DA0E822435B44006F9BAC /* Main.storyboard in Resources */,
			);
			runOnlyForDeploymentPostprocessing = 0;
		};
/* End PBXResourcesBuildPhase section */

/* Begin PBXShellScriptBuildPhase section */
		B1EB701BB2BF49CB6836764A /* [CP] Check Pods Manifest.lock */ = {
			isa = PBXShellScriptBuildPhase;
			buildActionMask = 2147483647;
			files = (
			);
			inputFileListPaths = (
			);
			inputPaths = (
				"${PODS_PODFILE_DIR_PATH}/Podfile.lock",
				"${PODS_ROOT}/Manifest.lock",
			);
			name = "[CP] Check Pods Manifest.lock";
			outputFileListPaths = (
			);
			outputPaths = (
				"$(DERIVED_FILE_DIR)/Pods-AutoLayoutScrollView-checkManifestLockResult.txt",
			);
			runOnlyForDeploymentPostprocessing = 0;
			shellPath = /bin/sh;
			shellScript = "diff \"${PODS_PODFILE_DIR_PATH}/Podfile.lock\" \"${PODS_ROOT}/Manifest.lock\" > /dev/null\nif [ $? != 0 ] ; then\n    # print error to STDERR\n    echo \"error: The sandbox is not in sync with the Podfile.lock. Run 'pod install' or update your CocoaPods installation.\" >&2\n    exit 1\nfi\n# This output is used by Xcode 'outputs' to avoid re-running this script phase.\necho \"SUCCESS\" > \"${SCRIPT_OUTPUT_FILE_0}\"\n";
			showEnvVarsInLog = 0;
		};
		D120DB82171BE05B8C47A0DC /* [CP] Embed Pods Frameworks */ = {
			isa = PBXShellScriptBuildPhase;
			buildActionMask = 2147483647;
			files = (
			);
			inputFileListPaths = (
			);
			inputPaths = (
				"${SRCROOT}/Pods/Target Support Files/Pods-AutoLayoutScrollView/Pods-AutoLayoutScrollView-frameworks.sh",
				"${BUILT_PRODUCTS_DIR}/SnapKit/SnapKit.framework",
			);
			name = "[CP] Embed Pods Frameworks";
			outputFileListPaths = (
			);
			outputPaths = (
				"${TARGET_BUILD_DIR}/${FRAMEWORKS_FOLDER_PATH}/SnapKit.framework",
			);
			runOnlyForDeploymentPostprocessing = 0;
			shellPath = /bin/sh;
			shellScript = "\"${SRCROOT}/Pods/Target Support Files/Pods-AutoLayoutScrollView/Pods-AutoLayoutScrollView-frameworks.sh\"\n";
			showEnvVarsInLog = 0;
		};
/* End PBXShellScriptBuildPhase section */

/* Begin PBXSourcesBuildPhase section */
		DF2DA0DB22435B44006F9BAC /* Sources */ = {
			isa = PBXSourcesBuildPhase;
			buildActionMask = 2147483647;
			files = (
				DF2DA0E522435B44006F9BAC /* ViewController.swift in Sources */,
				DF2DA0E322435B44006F9BAC /* AppDelegate.swift in Sources */,
			);
			runOnlyForDeploymentPostprocessing = 0;
		};
/* End PBXSourcesBuildPhase section */

/* Begin PBXVariantGroup section */
		DF2DA0E622435B44006F9BAC /* Main.storyboard */ = {
			isa = PBXVariantGroup;
			children = (
				DF2DA0E722435B44006F9BAC /* Base */,
			);
			name = Main.storyboard;
			sourceTree = "<group>";
		};
		DF2DA0EB22435B4C006F9BAC /* LaunchScreen.storyboard */ = {
			isa = PBXVariantGroup;
			children = (
				DF2DA0EC22435B4C006F9BAC /* Base */,
			);
			name = LaunchScreen.storyboard;
			sourceTree = "<group>";
		};
/* End PBXVariantGroup section */

/* Begin XCBuildConfiguration section */
		DF2DA0EF22435B4C006F9BAC /* Debug */ = {
			isa = XCBuildConfiguration;
			buildSettings = {
				ALWAYS_SEARCH_USER_PATHS = NO;
				CLANG_ANALYZER_NONNULL = YES;
				CLANG_ANALYZER_NUMBER_OBJECT_CONVERSION = YES_AGGRESSIVE;
				CLANG_CXX_LANGUAGE_STANDARD = "gnu++14";
				CLANG_CXX_LIBRARY = "libc++";
				CLANG_ENABLE_MODULES = YES;
				CLANG_ENABLE_OBJC_ARC = YES;
				CLANG_ENABLE_OBJC_WEAK = YES;
				CLANG_WARN_BLOCK_CAPTURE_AUTORELEASING = YES;
				CLANG_WARN_BOOL_CONVERSION = YES;
				CLANG_WARN_COMMA = YES;
				CLANG_WARN_CONSTANT_CONVERSION = YES;
				CLANG_WARN_DEPRECATED_OBJC_IMPLEMENTATIONS = YES;
				CLANG_WARN_DIRECT_OBJC_ISA_USAGE = YES_ERROR;
				CLANG_WARN_DOCUMENTATION_COMMENTS = YES;
				CLANG_WARN_EMPTY_BODY = YES;
				CLANG_WARN_ENUM_CONVERSION = YES;
				CLANG_WARN_INFINITE_RECURSION = YES;
				CLANG_WARN_INT_CONVERSION = YES;
				CLANG_WARN_NON_LITERAL_NULL_CONVERSION = YES;
				CLANG_WARN_OBJC_IMPLICIT_RETAIN_SELF = YES;
				CLANG_WARN_OBJC_LITERAL_CONVERSION = YES;
				CLANG_WARN_OBJC_ROOT_CLASS = YES_ERROR;
				CLANG_WARN_RANGE_LOOP_ANALYSIS = YES;
				CLANG_WARN_STRICT_PROTOTYPES = YES;
				CLANG_WARN_SUSPICIOUS_MOVE = YES;
				CLANG_WARN_UNGUARDED_AVAILABILITY = YES_AGGRESSIVE;
				CLANG_WARN_UNREACHABLE_CODE = YES;
				CLANG_WARN__DUPLICATE_METHOD_MATCH = YES;
				CODE_SIGN_IDENTITY = "iPhone Developer";
				COPY_PHASE_STRIP = NO;
				DEBUG_INFORMATION_FORMAT = dwarf;
				ENABLE_STRICT_OBJC_MSGSEND = YES;
				ENABLE_TESTABILITY = YES;
				GCC_C_LANGUAGE_STANDARD = gnu11;
				GCC_DYNAMIC_NO_PIC = NO;
				GCC_NO_COMMON_BLOCKS = YES;
				GCC_OPTIMIZATION_LEVEL = 0;
				GCC_PREPROCESSOR_DEFINITIONS = (
					"DEBUG=1",
					"$(inherited)",
				);
				GCC_WARN_64_TO_32_BIT_CONVERSION = YES;
				GCC_WARN_ABOUT_RETURN_TYPE = YES_ERROR;
				GCC_WARN_UNDECLARED_SELECTOR = YES;
				GCC_WARN_UNINITIALIZED_AUTOS = YES_AGGRESSIVE;
				GCC_WARN_UNUSED_FUNCTION = YES;
				GCC_WARN_UNUSED_VARIABLE = YES;
				IPHONEOS_DEPLOYMENT_TARGET = 12.1;
				MTL_ENABLE_DEBUG_INFO = INCLUDE_SOURCE;
				MTL_FAST_MATH = YES;
				ONLY_ACTIVE_ARCH = YES;
				SDKROOT = iphoneos;
				SWIFT_ACTIVE_COMPILATION_CONDITIONS = DEBUG;
				SWIFT_OPTIMIZATION_LEVEL = "-Onone";
			};
			name = Debug;
		};
		DF2DA0F022435B4C006F9BAC /* Release */ = {
			isa = XCBuildConfiguration;
			buildSettings = {
				ALWAYS_SEARCH_USER_PATHS = NO;
				CLANG_ANALYZER_NONNULL = YES;
				CLANG_ANALYZER_NUMBER_OBJECT_CONVERSION = YES_AGGRESSIVE;
				CLANG_CXX_LANGUAGE_STANDARD = "gnu++14";
				CLANG_CXX_LIBRARY = "libc++";
				CLANG_ENABLE_MODULES = YES;
				CLANG_ENABLE_OBJC_ARC = YES;
				CLANG_ENABLE_OBJC_WEAK = YES;
				CLANG_WARN_BLOCK_CAPTURE_AUTORELEASING = YES;
				CLANG_WARN_BOOL_CONVERSION = YES;
				CLANG_WARN_COMMA = YES;
				CLANG_WARN_CONSTANT_CONVERSION = YES;
				CLANG_WARN_DEPRECATED_OBJC_IMPLEMENTATIONS = YES;
				CLANG_WARN_DIRECT_OBJC_ISA_USAGE = YES_ERROR;
				CLANG_WARN_DOCUMENTATION_COMMENTS = YES;
				CLANG_WARN_EMPTY_BODY = YES;
				CLANG_WARN_ENUM_CONVERSION = YES;
				CLANG_WARN_INFINITE_RECURSION = YES;
				CLANG_WARN_INT_CONVERSION = YES;
				CLANG_WARN_NON_LITERAL_NULL_CONVERSION = YES;
				CLANG_WARN_OBJC_IMPLICIT_RETAIN_SELF = YES;
				CLANG_WARN_OBJC_LITERAL_CONVERSION = YES;
				CLANG_WARN_OBJC_ROOT_CLASS = YES_ERROR;
				CLANG_WARN_RANGE_LOOP_ANALYSIS = YES;
				CLANG_WARN_STRICT_PROTOTYPES = YES;
				CLANG_WARN_SUSPICIOUS_MOVE = YES;
				CLANG_WARN_UNGUARDED_AVAILABILITY = YES_AGGRESSIVE;
				CLANG_WARN_UNREACHABLE_CODE = YES;
				CLANG_WARN__DUPLICATE_METHOD_MATCH = YES;
				CODE_SIGN_IDENTITY = "iPhone Developer";
				COPY_PHASE_STRIP = NO;
				DEBUG_INFORMATION_FORMAT = "dwarf-with-dsym";
				ENABLE_NS_ASSERTIONS = NO;
				ENABLE_STRICT_OBJC_MSGSEND = YES;
				GCC_C_LANGUAGE_STANDARD = gnu11;
				GCC_NO_COMMON_BLOCKS = YES;
				GCC_WARN_64_TO_32_BIT_CONVERSION = YES;
				GCC_WARN_ABOUT_RETURN_TYPE = YES_ERROR;
				GCC_WARN_UNDECLARED_SELECTOR = YES;
				GCC_WARN_UNINITIALIZED_AUTOS = YES_AGGRESSIVE;
				GCC_WARN_UNUSED_FUNCTION = YES;
				GCC_WARN_UNUSED_VARIABLE = YES;
				IPHONEOS_DEPLOYMENT_TARGET = 12.1;
				MTL_ENABLE_DEBUG_INFO = NO;
				MTL_FAST_MATH = YES;
				SDKROOT = iphoneos;
				SWIFT_COMPILATION_MODE = wholemodule;
				SWIFT_OPTIMIZATION_LEVEL = "-O";
				VALIDATE_PRODUCT = YES;
			};
			name = Release;
		};
		DF2DA0F222435B4C006F9BAC /* Debug */ = {
			isa = XCBuildConfiguration;
			baseConfigurationReference = E999F0B028F6352AC2A69009 /* Pods-AutoLayoutScrollView.debug.xcconfig */;
			buildSettings = {
				ASSETCATALOG_COMPILER_APPICON_NAME = AppIcon;
				CODE_SIGN_IDENTITY = "iPhone Developer";
				CODE_SIGN_STYLE = Automatic;
				DEVELOPMENT_TEAM = DQ958DMKHT;
				INFOPLIST_FILE = AutoLayoutScrollView/Info.plist;
				LD_RUNPATH_SEARCH_PATHS = (
					"$(inherited)",
					"@executable_path/Frameworks",
				);
				PRODUCT_BUNDLE_IDENTIFIER = com.john.AutoLayoutScrollView;
				PRODUCT_NAME = "$(TARGET_NAME)";
				PROVISIONING_PROFILE_SPECIFIER = "";
				SWIFT_VERSION = 4.2;
				TARGETED_DEVICE_FAMILY = 1;
			};
			name = Debug;
		};
		DF2DA0F322435B4C006F9BAC /* Release */ = {
			isa = XCBuildConfiguration;
			baseConfigurationReference = 4B554F43FE7B93C76AB686A6 /* Pods-AutoLayoutScrollView.release.xcconfig */;
			buildSettings = {
				ASSETCATALOG_COMPILER_APPICON_NAME = AppIcon;
				CODE_SIGN_IDENTITY = "iPhone Developer";
				CODE_SIGN_STYLE = Automatic;
				DEVELOPMENT_TEAM = DQ958DMKHT;
				INFOPLIST_FILE = AutoLayoutScrollView/Info.plist;
				LD_RUNPATH_SEARCH_PATHS = (
					"$(inherited)",
					"@executable_path/Frameworks",
				);
				PRODUCT_BUNDLE_IDENTIFIER = com.john.AutoLayoutScrollView;
				PRODUCT_NAME = "$(TARGET_NAME)";
				PROVISIONING_PROFILE_SPECIFIER = "";
				SWIFT_VERSION = 4.2;
				TARGETED_DEVICE_FAMILY = 1;
			};
			name = Release;
		};
/* End XCBuildConfiguration section */

/* Begin XCConfigurationList section */
		DF2DA0DA22435B44006F9BAC /* Build configuration list for PBXProject "AutoLayoutScrollView" */ = {
			isa = XCConfigurationList;
			buildConfigurations = (
				DF2DA0EF22435B4C006F9BAC /* Debug */,
				DF2DA0F022435B4C006F9BAC /* Release */,
			);
			defaultConfigurationIsVisible = 0;
			defaultConfigurationName = Release;
		};
		DF2DA0F122435B4C006F9BAC /* Build configuration list for PBXNativeTarget "AutoLayoutScrollView" */ = {
			isa = XCConfigurationList;
			buildConfigurations = (
				DF2DA0F222435B4C006F9BAC /* Debug */,
				DF2DA0F322435B4C006F9BAC /* Release */,
			);
			defaultConfigurationIsVisible = 0;
			defaultConfigurationName = Release;
		};
/* End XCConfigurationList section */
	};
	rootObject = DF2DA0D722435B44006F9BAC /* Project object */;
}
